
Microsoft Visual Studio Solution File, Format Version 12.00
# Visual Studio Version 16
VisualStudioVersion = 16.0.29613.14
MinimumVisualStudioVersion = 10.0.40219.1
Project("{FAE04EC0-301F-11D3-BF4B-00C04F79EFBC}") = "TriangleType", "TriangleType\TriangleType.csproj", "{02D204D2-A42F-43FF-BECB-98A52D1C73F7}"
EndProject
Project("{FAE04EC0-301F-11D3-BF4B-00C04F79EFBC}") = "TriangleTests", "TriangleTests\TriangleTests.csproj", "{E555EBE2-F854-4CEF-BA92-3E07C6217B47}"
EndProject
Global
	GlobalSection(SolutionConfigurationPlatforms) = preSolution
		Debug|Any CPU = Debug|Any CPU
		Release|Any CPU = Release|Any CPU
	EndGlobalSection
	GlobalSection(ProjectConfigurationPlatforms) = postSolution
		{02D204D2-A42F-43FF-BECB-98A52D1C73F7}.Debug|Any CPU.ActiveCfg = Debug|Any CPU
		{02D204D2-A42F-43FF-BECB-98A52D1C73F7}.Debug|Any CPU.Build.0 = Debug|Any CPU
		{02D204D2-A42F-43FF-BECB-98A52D1C73F7}.Release|Any CPU.ActiveCfg = Release|Any CPU
		{02D204D2-A42F-43FF-BECB-98A52D1C73F7}.Release|Any CPU.Build.0 = Release|Any CPU
		{E555EBE2-F854-4CEF-BA92-3E07C6217B47}.Debug|Any CPU.ActiveCfg = Debug|Any CPU
		{E555EBE2-F854-4CEF-BA92-3E07C6217B47}.Debug|Any CPU.Build.0 = Debug|Any CPU
		{E555EBE2-F854-4CEF-BA92-3E07C6217B47}.Release|Any CPU.ActiveCfg = Release|Any CPU
		{E555EBE2-F854-4CEF-BA92-3E07C6217B47}.Release|Any CPU.Build.0 = Release|Any CPU
	EndGlobalSection
	GlobalSection(SolutionProperties) = preSolution
		HideSolutionNode = FALSE
	EndGlobalSection
	GlobalSection(ExtensibilityGlobals) = postSolution
		SolutionGuid = {D2EB26BE-305C-4967-BD36-BD7EFC2C2CAF}
	EndGlobalSection
EndGlobal
